
Microsoft Visual Studio Solution File, Format Version 12.00
# Visual Studio Version 16
VisualStudioVersion = 16.0.31424.327
MinimumVisualStudioVersion = 10.0.40219.1
Project("{FAE04EC0-301F-11D3-BF4B-00C04F79EFBC}") = "BookStore", "BookStore\BookStore.csproj", "{7B0CF44B-8C83-4554-AEE9-642050AB3143}"
EndProject
Global
	GlobalSection(SolutionConfigurationPlatforms) = preSolution
		Debug|Any CPU = Debug|Any CPU
		Release|Any CPU = Release|Any CPU
	EndGlobalSection
	GlobalSection(ProjectConfigurationPlatforms) = postSolution
		{7B0CF44B-8C83-4554-AEE9-642050AB3143}.Debug|Any CPU.ActiveCfg = Debug|Any CPU
		{7B0CF44B-8C83-4554-AEE9-642050AB3143}.Debug|Any CPU.Build.0 = Debug|Any CPU
		{7B0CF44B-8C83-4554-AEE9-642050AB3143}.Release|Any CPU.ActiveCfg = Release|Any CPU
		{7B0CF44B-8C83-4554-AEE9-642050AB3143}.Release|Any CPU.Build.0 = Release|Any CPU
	EndGlobalSection
	GlobalSection(SolutionProperties) = preSolution
		HideSolutionNode = FALSE
	EndGlobalSection
	GlobalSection(ExtensibilityGlobals) = postSolution
		SolutionGuid = {23EBF334-BB15-4020-AAFE-6359CE456CB8}
	EndGlobalSection
EndGlobal
